
Microsoft Visual Studio Solution File, Format Version 12.00
# Visual Studio 2017
Project("{FAE04EC0-301F-11D3-BF4B-00C04F79EFBC}") = "MasterDelfino_v001", "MasterDelfino_v001.csproj", "{6CC9A2F0-0AC5-A985-C770-6BC5C09DF480}"
EndProject
Global
	GlobalSection(SolutionConfigurationPlatforms) = preSolution
		Debug|Any CPU = Debug|Any CPU
		Release|Any CPU = Release|Any CPU
	EndGlobalSection
	GlobalSection(ProjectConfigurationPlatforms) = postSolution
		{6CC9A2F0-0AC5-A985-C770-6BC5C09DF480}.Debug|Any CPU.ActiveCfg = Debug|Any CPU
		{6CC9A2F0-0AC5-A985-C770-6BC5C09DF480}.Debug|Any CPU.Build.0 = Debug|Any CPU
		{6CC9A2F0-0AC5-A985-C770-6BC5C09DF480}.Release|Any CPU.ActiveCfg = Release|Any CPU
		{6CC9A2F0-0AC5-A985-C770-6BC5C09DF480}.Release|Any CPU.Build.0 = Release|Any CPU
	EndGlobalSection
	GlobalSection(SolutionProperties) = preSolution
		HideSolutionNode = FALSE
	EndGlobalSection
EndGlobal
